
Microsoft Visual Studio Solution File, Format Version 12.00
# Visual Studio Version 16
VisualStudioVersion = 16.0.31613.86
MinimumVisualStudioVersion = 10.0.40219.1
Project("{FAE04EC0-301F-11D3-BF4B-00C04F79EFBC}") = "baitap3", "baitap3\baitap3.csproj", "{AFCB222B-8859-461F-AB20-27102AB0476F}"
EndProject
Global
	GlobalSection(SolutionConfigurationPlatforms) = preSolution
		Debug|Any CPU = Debug|Any CPU
		Release|Any CPU = Release|Any CPU
	EndGlobalSection
	GlobalSection(ProjectConfigurationPlatforms) = postSolution
		{AFCB222B-8859-461F-AB20-27102AB0476F}.Debug|Any CPU.ActiveCfg = Debug|Any CPU
		{AFCB222B-8859-461F-AB20-27102AB0476F}.Debug|Any CPU.Build.0 = Debug|Any CPU
		{AFCB222B-8859-461F-AB20-27102AB0476F}.Release|Any CPU.ActiveCfg = Release|Any CPU
		{AFCB222B-8859-461F-AB20-27102AB0476F}.Release|Any CPU.Build.0 = Release|Any CPU
	EndGlobalSection
	GlobalSection(SolutionProperties) = preSolution
		HideSolutionNode = FALSE
	EndGlobalSection
	GlobalSection(ExtensibilityGlobals) = postSolution
		SolutionGuid = {5467E492-380A-4AE2-941B-CC520D969B9C}
	EndGlobalSection
EndGlobal
